
Microsoft Visual Studio Solution File, Format Version 12.00
# Visual Studio 15
VisualStudioVersion = 15.0.34320.172
MinimumVisualStudioVersion = 10.0.40219.1
Project("{FAE04EC0-301F-11D3-BF4B-00C04F79EFBC}") = "Logical_Codes", "Logical_Codes\Logical_Codes.csproj", "{CA7887B1-7A5E-4E54-A8C7-2DBC71CE7434}"
EndProject
Global
	GlobalSection(SolutionConfigurationPlatforms) = preSolution
		Debug|Any CPU = Debug|Any CPU
		Release|Any CPU = Release|Any CPU
	EndGlobalSection
	GlobalSection(ProjectConfigurationPlatforms) = postSolution
		{CA7887B1-7A5E-4E54-A8C7-2DBC71CE7434}.Debug|Any CPU.ActiveCfg = Debug|Any CPU
		{CA7887B1-7A5E-4E54-A8C7-2DBC71CE7434}.Debug|Any CPU.Build.0 = Debug|Any CPU
		{CA7887B1-7A5E-4E54-A8C7-2DBC71CE7434}.Release|Any CPU.ActiveCfg = Release|Any CPU
		{CA7887B1-7A5E-4E54-A8C7-2DBC71CE7434}.Release|Any CPU.Build.0 = Release|Any CPU
	EndGlobalSection
	GlobalSection(SolutionProperties) = preSolution
		HideSolutionNode = FALSE
	EndGlobalSection
	GlobalSection(ExtensibilityGlobals) = postSolution
		SolutionGuid = {18F96301-9E6B-42B6-89C8-BE5FA942FDE7}
	EndGlobalSection
EndGlobal
